
Microsoft Visual Studio Solution File, Format Version 12.00
# Visual Studio 15
VisualStudioVersion = 15.0.27130.2024
MinimumVisualStudioVersion = 10.0.40219.1
Project("{FAE04EC0-301F-11D3-BF4B-00C04F79EFBC}") = "LongPressedTestApp.Android", "LongPressedTestApp\LongPressedTestApp.Android\LongPressedTestApp.Android.csproj", "{28801136-97DF-4E8E-B2CE-580CE9CAC648}"
EndProject
Project("{FAE04EC0-301F-11D3-BF4B-00C04F79EFBC}") = "LongPressedTestApp", "LongPressedTestApp\LongPressedTestApp\LongPressedTestApp.csproj", "{544FC51D-90E3-4C21-843A-6C0061B22B64}"
EndProject
Global
	GlobalSection(SolutionConfigurationPlatforms) = preSolution
		Debug|Any CPU = Debug|Any CPU
		Release|Any CPU = Release|Any CPU
	EndGlobalSection
	GlobalSection(ProjectConfigurationPlatforms) = postSolution
		{28801136-97DF-4E8E-B2CE-580CE9CAC648}.Debug|Any CPU.ActiveCfg = Debug|Any CPU
		{28801136-97DF-4E8E-B2CE-580CE9CAC648}.Debug|Any CPU.Build.0 = Debug|Any CPU
		{28801136-97DF-4E8E-B2CE-580CE9CAC648}.Debug|Any CPU.Deploy.0 = Debug|Any CPU
		{28801136-97DF-4E8E-B2CE-580CE9CAC648}.Release|Any CPU.ActiveCfg = Release|Any CPU
		{28801136-97DF-4E8E-B2CE-580CE9CAC648}.Release|Any CPU.Build.0 = Release|Any CPU
		{28801136-97DF-4E8E-B2CE-580CE9CAC648}.Release|Any CPU.Deploy.0 = Release|Any CPU
		{544FC51D-90E3-4C21-843A-6C0061B22B64}.Debug|Any CPU.ActiveCfg = Debug|Any CPU
		{544FC51D-90E3-4C21-843A-6C0061B22B64}.Debug|Any CPU.Build.0 = Debug|Any CPU
		{544FC51D-90E3-4C21-843A-6C0061B22B64}.Release|Any CPU.ActiveCfg = Release|Any CPU
		{544FC51D-90E3-4C21-843A-6C0061B22B64}.Release|Any CPU.Build.0 = Release|Any CPU
	EndGlobalSection
	GlobalSection(SolutionProperties) = preSolution
		HideSolutionNode = FALSE
	EndGlobalSection
	GlobalSection(ExtensibilityGlobals) = postSolution
		SolutionGuid = {1A350EBD-01B0-47DD-AD3F-863904FE1DB6}
	EndGlobalSection
EndGlobal
